
Microsoft Visual Studio Solution File, Format Version 12.00
Project("{FAE04EC0-301F-11D3-BF4B-00C04F79EFBC}") = "TeachTrack.Api", "TeachTrack.Api\TeachTrack.Api.csproj", "{256B67E7-8A5B-4148-868A-FEE39C1C4C85}"
EndProject
Global
	GlobalSection(SolutionConfigurationPlatforms) = preSolution
		Debug|Any CPU = Debug|Any CPU
		Release|Any CPU = Release|Any CPU
	EndGlobalSection
	GlobalSection(ProjectConfigurationPlatforms) = postSolution
		{256B67E7-8A5B-4148-868A-FEE39C1C4C85}.Debug|Any CPU.ActiveCfg = Debug|Any CPU
		{256B67E7-8A5B-4148-868A-FEE39C1C4C85}.Debug|Any CPU.Build.0 = Debug|Any CPU
		{256B67E7-8A5B-4148-868A-FEE39C1C4C85}.Release|Any CPU.ActiveCfg = Release|Any CPU
		{256B67E7-8A5B-4148-868A-FEE39C1C4C85}.Release|Any CPU.Build.0 = Release|Any CPU
	EndGlobalSection
EndGlobal
